
Microsoft Visual Studio Solution File, Format Version 12.00
# Visual Studio 15
VisualStudioVersion = 15.0.28307.902
MinimumVisualStudioVersion = 10.0.40219.1
Project("{FAE04EC0-301F-11D3-BF4B-00C04F79EFBC}") = "Hot IP-Tato", "Hot IP-Tato\Hot IP-Tato.csproj", "{07F894B9-4A34-4654-BFB9-BCC39A4609E2}"
EndProject
Project("{9A19103F-16F7-4668-BE54-9A1E7A4F7556}") = "HotIP-TatoTests", "HotIP-TatoTests\HotIP-TatoTests.csproj", "{7C74E5C5-2E74-435A-86C7-02F6AC5DB299}"
EndProject
Project("{9A19103F-16F7-4668-BE54-9A1E7A4F7556}") = "ConsoleSandbox", "ConsoleSandbox\ConsoleSandbox.csproj", "{6E175E29-B215-4453-96D7-462AF9F7A144}"
EndProject
Project("{FAE04EC0-301F-11D3-BF4B-00C04F79EFBC}") = "Hot IP-Tato Client", "Hot IP-Tato Client\Hot IP-Tato Client.csproj", "{D723CC6F-0E83-4731-8346-4EE9501788E1}"
EndProject
Project("{FAE04EC0-301F-11D3-BF4B-00C04F79EFBC}") = "Hot IP-Tato-Client", "Hot IP-Tato-Client\Hot IP-Tato-Client.csproj", "{B02123E3-9220-493C-A5C7-139EED0B91D4}"
EndProject
Project("{2150E333-8FDC-42A3-9474-1A3956D46DE8}") = "Solution Items", "Solution Items", "{6E305E94-3FE8-44AF-B866-FFB3D969E9BB}"
	ProjectSection(SolutionItems) = preProject
		Common.cs = Common.cs
	EndProjectSection
EndProject
Project("{2150E333-8FDC-42A3-9474-1A3956D46DE8}") = "NewFolder1", "NewFolder1", "{D4ECA87B-E083-49FC-A557-19F20ADCAFE9}"
EndProject
Global
	GlobalSection(SolutionConfigurationPlatforms) = preSolution
		Debug|Any CPU = Debug|Any CPU
		Release|Any CPU = Release|Any CPU
	EndGlobalSection
	GlobalSection(ProjectConfigurationPlatforms) = postSolution
		{07F894B9-4A34-4654-BFB9-BCC39A4609E2}.Debug|Any CPU.ActiveCfg = Debug|Any CPU
		{07F894B9-4A34-4654-BFB9-BCC39A4609E2}.Debug|Any CPU.Build.0 = Debug|Any CPU
		{07F894B9-4A34-4654-BFB9-BCC39A4609E2}.Release|Any CPU.ActiveCfg = Release|Any CPU
		{07F894B9-4A34-4654-BFB9-BCC39A4609E2}.Release|Any CPU.Build.0 = Release|Any CPU
		{7C74E5C5-2E74-435A-86C7-02F6AC5DB299}.Debug|Any CPU.ActiveCfg = Debug|Any CPU
		{7C74E5C5-2E74-435A-86C7-02F6AC5DB299}.Debug|Any CPU.Build.0 = Debug|Any CPU
		{7C74E5C5-2E74-435A-86C7-02F6AC5DB299}.Release|Any CPU.ActiveCfg = Release|Any CPU
		{7C74E5C5-2E74-435A-86C7-02F6AC5DB299}.Release|Any CPU.Build.0 = Release|Any CPU
		{6E175E29-B215-4453-96D7-462AF9F7A144}.Debug|Any CPU.ActiveCfg = Debug|Any CPU
		{6E175E29-B215-4453-96D7-462AF9F7A144}.Debug|Any CPU.Build.0 = Debug|Any CPU
		{6E175E29-B215-4453-96D7-462AF9F7A144}.Release|Any CPU.ActiveCfg = Release|Any CPU
		{6E175E29-B215-4453-96D7-462AF9F7A144}.Release|Any CPU.Build.0 = Release|Any CPU
		{D723CC6F-0E83-4731-8346-4EE9501788E1}.Debug|Any CPU.ActiveCfg = Debug|Any CPU
		{D723CC6F-0E83-4731-8346-4EE9501788E1}.Debug|Any CPU.Build.0 = Debug|Any CPU
		{D723CC6F-0E83-4731-8346-4EE9501788E1}.Release|Any CPU.ActiveCfg = Release|Any CPU
		{D723CC6F-0E83-4731-8346-4EE9501788E1}.Release|Any CPU.Build.0 = Release|Any CPU
		{B02123E3-9220-493C-A5C7-139EED0B91D4}.Debug|Any CPU.ActiveCfg = Debug|Any CPU
		{B02123E3-9220-493C-A5C7-139EED0B91D4}.Debug|Any CPU.Build.0 = Debug|Any CPU
		{B02123E3-9220-493C-A5C7-139EED0B91D4}.Release|Any CPU.ActiveCfg = Release|Any CPU
		{B02123E3-9220-493C-A5C7-139EED0B91D4}.Release|Any CPU.Build.0 = Release|Any CPU
	EndGlobalSection
	GlobalSection(SolutionProperties) = preSolution
		HideSolutionNode = FALSE
	EndGlobalSection
	GlobalSection(ExtensibilityGlobals) = postSolution
		SolutionGuid = {ACE198E8-D994-41C2-8F64-FB5CD04F33C6}
	EndGlobalSection
EndGlobal
